
Microsoft Visual Studio Solution File, Format Version 12.00
# Visual Studio 15
VisualStudioVersion = 15.0.28307.1082
MinimumVisualStudioVersion = 10.0.40219.1
Project("{8BC9CEB8-8B4A-11D0-8D11-00A0C91BC942}") = "NULLTerminatedLines", "NULLTerminatedLines\NULLTerminatedLines.vcxproj", "{FBF07439-432A-442D-BB06-DBCD257E7C4C}"
EndProject
Project("{8BC9CEB8-8B4A-11D0-8D11-00A0C91BC942}") = "HomeWork", "HomeWork\HomeWork.vcxproj", "{609DA19A-8F17-4FA4-8DFC-748BC73F89F0}"
EndProject
Global
	GlobalSection(SolutionConfigurationPlatforms) = preSolution
		Debug|x64 = Debug|x64
		Debug|x86 = Debug|x86
		Release|x64 = Release|x64
		Release|x86 = Release|x86
	EndGlobalSection
	GlobalSection(ProjectConfigurationPlatforms) = postSolution
		{FBF07439-432A-442D-BB06-DBCD257E7C4C}.Debug|x64.ActiveCfg = Debug|x64
		{FBF07439-432A-442D-BB06-DBCD257E7C4C}.Debug|x64.Build.0 = Debug|x64
		{FBF07439-432A-442D-BB06-DBCD257E7C4C}.Debug|x86.ActiveCfg = Debug|Win32
		{FBF07439-432A-442D-BB06-DBCD257E7C4C}.Debug|x86.Build.0 = Debug|Win32
		{FBF07439-432A-442D-BB06-DBCD257E7C4C}.Release|x64.ActiveCfg = Release|x64
		{FBF07439-432A-442D-BB06-DBCD257E7C4C}.Release|x64.Build.0 = Release|x64
		{FBF07439-432A-442D-BB06-DBCD257E7C4C}.Release|x86.ActiveCfg = Release|Win32
		{FBF07439-432A-442D-BB06-DBCD257E7C4C}.Release|x86.Build.0 = Release|Win32
		{609DA19A-8F17-4FA4-8DFC-748BC73F89F0}.Debug|x64.ActiveCfg = Debug|x64
		{609DA19A-8F17-4FA4-8DFC-748BC73F89F0}.Debug|x64.Build.0 = Debug|x64
		{609DA19A-8F17-4FA4-8DFC-748BC73F89F0}.Debug|x86.ActiveCfg = Debug|Win32
		{609DA19A-8F17-4FA4-8DFC-748BC73F89F0}.Debug|x86.Build.0 = Debug|Win32
		{609DA19A-8F17-4FA4-8DFC-748BC73F89F0}.Release|x64.ActiveCfg = Release|x64
		{609DA19A-8F17-4FA4-8DFC-748BC73F89F0}.Release|x64.Build.0 = Release|x64
		{609DA19A-8F17-4FA4-8DFC-748BC73F89F0}.Release|x86.ActiveCfg = Release|Win32
		{609DA19A-8F17-4FA4-8DFC-748BC73F89F0}.Release|x86.Build.0 = Release|Win32
	EndGlobalSection
	GlobalSection(SolutionProperties) = preSolution
		HideSolutionNode = FALSE
	EndGlobalSection
	GlobalSection(ExtensibilityGlobals) = postSolution
		SolutionGuid = {E6731991-ED35-4995-9A58-4686F56B02FD}
	EndGlobalSection
EndGlobal
