
Microsoft Visual Studio Solution File, Format Version 12.00
# Visual Studio 15
VisualStudioVersion = 15.0.28307.1082
MinimumVisualStudioVersion = 10.0.40219.1
Project("{8BC9CEB8-8B4A-11D0-8D11-00A0C91BC942}") = "Arrays", "Arrays\Arrays.vcxproj", "{F5A05CB4-31D0-49D2-B4C7-E1B3F8ABDD47}"
EndProject
Project("{8BC9CEB8-8B4A-11D0-8D11-00A0C91BC942}") = "HomeWork", "HomeWork\HomeWork.vcxproj", "{552B425A-B8EA-4A66-9EF9-B008E6300CD2}"
EndProject
Project("{8BC9CEB8-8B4A-11D0-8D11-00A0C91BC942}") = "Shift", "Shift\Shift.vcxproj", "{8CC0F6A7-2507-4D28-9E79-40ACA8C660D0}"
EndProject
Project("{8BC9CEB8-8B4A-11D0-8D11-00A0C91BC942}") = "Numerics", "Numerics\Numerics.vcxproj", "{7BFAB31E-6441-48E3-8210-E1628001E7CA}"
EndProject
Project("{8BC9CEB8-8B4A-11D0-8D11-00A0C91BC942}") = "Random", "Random\Random.vcxproj", "{C2B4DA82-78E2-4725-97D0-255C7A49DCDF}"
EndProject
Global
	GlobalSection(SolutionConfigurationPlatforms) = preSolution
		Debug|x64 = Debug|x64
		Debug|x86 = Debug|x86
		Release|x64 = Release|x64
		Release|x86 = Release|x86
	EndGlobalSection
	GlobalSection(ProjectConfigurationPlatforms) = postSolution
		{F5A05CB4-31D0-49D2-B4C7-E1B3F8ABDD47}.Debug|x64.ActiveCfg = Debug|x64
		{F5A05CB4-31D0-49D2-B4C7-E1B3F8ABDD47}.Debug|x64.Build.0 = Debug|x64
		{F5A05CB4-31D0-49D2-B4C7-E1B3F8ABDD47}.Debug|x86.ActiveCfg = Debug|Win32
		{F5A05CB4-31D0-49D2-B4C7-E1B3F8ABDD47}.Debug|x86.Build.0 = Debug|Win32
		{F5A05CB4-31D0-49D2-B4C7-E1B3F8ABDD47}.Release|x64.ActiveCfg = Release|x64
		{F5A05CB4-31D0-49D2-B4C7-E1B3F8ABDD47}.Release|x64.Build.0 = Release|x64
		{F5A05CB4-31D0-49D2-B4C7-E1B3F8ABDD47}.Release|x86.ActiveCfg = Release|Win32
		{F5A05CB4-31D0-49D2-B4C7-E1B3F8ABDD47}.Release|x86.Build.0 = Release|Win32
		{552B425A-B8EA-4A66-9EF9-B008E6300CD2}.Debug|x64.ActiveCfg = Debug|x64
		{552B425A-B8EA-4A66-9EF9-B008E6300CD2}.Debug|x64.Build.0 = Debug|x64
		{552B425A-B8EA-4A66-9EF9-B008E6300CD2}.Debug|x86.ActiveCfg = Debug|Win32
		{552B425A-B8EA-4A66-9EF9-B008E6300CD2}.Debug|x86.Build.0 = Debug|Win32
		{552B425A-B8EA-4A66-9EF9-B008E6300CD2}.Release|x64.ActiveCfg = Release|x64
		{552B425A-B8EA-4A66-9EF9-B008E6300CD2}.Release|x64.Build.0 = Release|x64
		{552B425A-B8EA-4A66-9EF9-B008E6300CD2}.Release|x86.ActiveCfg = Release|Win32
		{552B425A-B8EA-4A66-9EF9-B008E6300CD2}.Release|x86.Build.0 = Release|Win32
		{8CC0F6A7-2507-4D28-9E79-40ACA8C660D0}.Debug|x64.ActiveCfg = Debug|x64
		{8CC0F6A7-2507-4D28-9E79-40ACA8C660D0}.Debug|x64.Build.0 = Debug|x64
		{8CC0F6A7-2507-4D28-9E79-40ACA8C660D0}.Debug|x86.ActiveCfg = Debug|Win32
		{8CC0F6A7-2507-4D28-9E79-40ACA8C660D0}.Debug|x86.Build.0 = Debug|Win32
		{8CC0F6A7-2507-4D28-9E79-40ACA8C660D0}.Release|x64.ActiveCfg = Release|x64
		{8CC0F6A7-2507-4D28-9E79-40ACA8C660D0}.Release|x64.Build.0 = Release|x64
		{8CC0F6A7-2507-4D28-9E79-40ACA8C660D0}.Release|x86.ActiveCfg = Release|Win32
		{8CC0F6A7-2507-4D28-9E79-40ACA8C660D0}.Release|x86.Build.0 = Release|Win32
		{7BFAB31E-6441-48E3-8210-E1628001E7CA}.Debug|x64.ActiveCfg = Debug|x64
		{7BFAB31E-6441-48E3-8210-E1628001E7CA}.Debug|x64.Build.0 = Debug|x64
		{7BFAB31E-6441-48E3-8210-E1628001E7CA}.Debug|x86.ActiveCfg = Debug|Win32
		{7BFAB31E-6441-48E3-8210-E1628001E7CA}.Debug|x86.Build.0 = Debug|Win32
		{7BFAB31E-6441-48E3-8210-E1628001E7CA}.Release|x64.ActiveCfg = Release|x64
		{7BFAB31E-6441-48E3-8210-E1628001E7CA}.Release|x64.Build.0 = Release|x64
		{7BFAB31E-6441-48E3-8210-E1628001E7CA}.Release|x86.ActiveCfg = Release|Win32
		{7BFAB31E-6441-48E3-8210-E1628001E7CA}.Release|x86.Build.0 = Release|Win32
		{C2B4DA82-78E2-4725-97D0-255C7A49DCDF}.Debug|x64.ActiveCfg = Debug|x64
		{C2B4DA82-78E2-4725-97D0-255C7A49DCDF}.Debug|x64.Build.0 = Debug|x64
		{C2B4DA82-78E2-4725-97D0-255C7A49DCDF}.Debug|x86.ActiveCfg = Debug|Win32
		{C2B4DA82-78E2-4725-97D0-255C7A49DCDF}.Debug|x86.Build.0 = Debug|Win32
		{C2B4DA82-78E2-4725-97D0-255C7A49DCDF}.Release|x64.ActiveCfg = Release|x64
		{C2B4DA82-78E2-4725-97D0-255C7A49DCDF}.Release|x64.Build.0 = Release|x64
		{C2B4DA82-78E2-4725-97D0-255C7A49DCDF}.Release|x86.ActiveCfg = Release|Win32
		{C2B4DA82-78E2-4725-97D0-255C7A49DCDF}.Release|x86.Build.0 = Release|Win32
	EndGlobalSection
	GlobalSection(SolutionProperties) = preSolution
		HideSolutionNode = FALSE
	EndGlobalSection
	GlobalSection(ExtensibilityGlobals) = postSolution
		SolutionGuid = {B30AC9FE-A126-4261-92D8-855E31B26936}
	EndGlobalSection
EndGlobal
