
Microsoft Visual Studio Solution File, Format Version 12.00
# Visual Studio 15
VisualStudioVersion = 15.0.28307.1259
MinimumVisualStudioVersion = 10.0.40219.1
Project("{8BC9CEB8-8B4A-11D0-8D11-00A0C91BC942}") = "ControlStructures", "ControlStructures\ControlStructures.vcxproj", "{EADDBAD5-1714-43E2-B1DB-8BD0691E825B}"
EndProject
Global
	GlobalSection(SolutionConfigurationPlatforms) = preSolution
		Debug|x64 = Debug|x64
		Debug|x86 = Debug|x86
		Release|x64 = Release|x64
		Release|x86 = Release|x86
	EndGlobalSection
	GlobalSection(ProjectConfigurationPlatforms) = postSolution
		{EADDBAD5-1714-43E2-B1DB-8BD0691E825B}.Debug|x64.ActiveCfg = Debug|x64
		{EADDBAD5-1714-43E2-B1DB-8BD0691E825B}.Debug|x64.Build.0 = Debug|x64
		{EADDBAD5-1714-43E2-B1DB-8BD0691E825B}.Debug|x86.ActiveCfg = Debug|Win32
		{EADDBAD5-1714-43E2-B1DB-8BD0691E825B}.Debug|x86.Build.0 = Debug|Win32
		{EADDBAD5-1714-43E2-B1DB-8BD0691E825B}.Release|x64.ActiveCfg = Release|x64
		{EADDBAD5-1714-43E2-B1DB-8BD0691E825B}.Release|x64.Build.0 = Release|x64
		{EADDBAD5-1714-43E2-B1DB-8BD0691E825B}.Release|x86.ActiveCfg = Release|Win32
		{EADDBAD5-1714-43E2-B1DB-8BD0691E825B}.Release|x86.Build.0 = Release|Win32
	EndGlobalSection
	GlobalSection(SolutionProperties) = preSolution
		HideSolutionNode = FALSE
	EndGlobalSection
	GlobalSection(ExtensibilityGlobals) = postSolution
		SolutionGuid = {F701EBE7-654B-4BFD-AE6E-E55ED865386A}
	EndGlobalSection
EndGlobal
