
Microsoft Visual Studio Solution File, Format Version 12.00
# Visual Studio 15
VisualStudioVersion = 15.0.28307.1259
MinimumVisualStudioVersion = 10.0.40219.1
Project("{8BC9CEB8-8B4A-11D0-8D11-00A0C91BC942}") = "ControlStructures", "ControlStructures\ControlStructures.vcxproj", "{EADDBAD5-1714-43E2-B1DB-8BD0691E825B}"
EndProject
Project("{8BC9CEB8-8B4A-11D0-8D11-00A0C91BC942}") = "Sinoptic", "Sinoptic\Sinoptic.vcxproj", "{F5954758-99E3-4686-959E-701602D40667}"
EndProject
Project("{8BC9CEB8-8B4A-11D0-8D11-00A0C91BC942}") = "Calc", "Calc\Calc.vcxproj", "{8DC46B4E-78BD-465C-BC56-561D8C25A971}"
EndProject
Project("{8BC9CEB8-8B4A-11D0-8D11-00A0C91BC942}") = "LOOPS", "LOOPS\LOOPS.vcxproj", "{B730117E-49A1-47FF-9218-F3C8087291D9}"
EndProject
Project("{8BC9CEB8-8B4A-11D0-8D11-00A0C91BC942}") = "Palindrome", "Palindrome\Palindrome.vcxproj", "{3B15AAAA-9F33-4299-9548-B8FE15AFEF96}"
EndProject
Project("{8BC9CEB8-8B4A-11D0-8D11-00A0C91BC942}") = "HomeWorkShooter", "HomeWorkShooter\HomeWorkShooter.vcxproj", "{C59BCE49-B66A-4468-8FA1-35DE87E7DC65}"
EndProject
Project("{8BC9CEB8-8B4A-11D0-8D11-00A0C91BC942}") = "Shooter2", "Shooter2\Shooter2.vcxproj", "{B493D76A-7F86-4EB0-970E-1CF7A5671C48}"
EndProject
Project("{8BC9CEB8-8B4A-11D0-8D11-00A0C91BC942}") = "FOR", "FOR\FOR.vcxproj", "{E016D7BA-18E2-4C78-B271-668696F30849}"
EndProject
Project("{8BC9CEB8-8B4A-11D0-8D11-00A0C91BC942}") = "HomeWork", "HomeWork\HomeWork.vcxproj", "{14860067-B21D-4B54-9CC8-43D1C68EA433}"
EndProject
Project("{8BC9CEB8-8B4A-11D0-8D11-00A0C91BC942}") = "HomeWorkFOR", "HomeWorkFOR\HomeWorkFOR.vcxproj", "{89F95331-D39C-4F99-91A5-256283025F46}"
EndProject
Project("{8BC9CEB8-8B4A-11D0-8D11-00A0C91BC942}") = "HomeWorkNested", "HomeWorkNested\HomeWorkNested.vcxproj", "{868ED8C1-A60D-495A-BB92-3088E6BF8F97}"
EndProject
Project("{8BC9CEB8-8B4A-11D0-8D11-00A0C91BC942}") = "NestedFor", "NestedFor\NestedFor.vcxproj", "{7FADA608-5522-405E-B5CE-367AFE2A7506}"
EndProject
Project("{8BC9CEB8-8B4A-11D0-8D11-00A0C91BC942}") = "Geometria", "Geometria\Geometria.vcxproj", "{839ABDC1-8015-4110-A46D-082299CF2320}"
EndProject
Project("{8BC9CEB8-8B4A-11D0-8D11-00A0C91BC942}") = "HomeWorkGeo", "HomeWorkGeo\HomeWorkGeo.vcxproj", "{9AD59740-F78A-4C4D-9FFE-54C8F5EAE3D7}"
EndProject
Global
	GlobalSection(SolutionConfigurationPlatforms) = preSolution
		Debug|x64 = Debug|x64
		Debug|x86 = Debug|x86
		Release|x64 = Release|x64
		Release|x86 = Release|x86
	EndGlobalSection
	GlobalSection(ProjectConfigurationPlatforms) = postSolution
		{EADDBAD5-1714-43E2-B1DB-8BD0691E825B}.Debug|x64.ActiveCfg = Debug|x64
		{EADDBAD5-1714-43E2-B1DB-8BD0691E825B}.Debug|x64.Build.0 = Debug|x64
		{EADDBAD5-1714-43E2-B1DB-8BD0691E825B}.Debug|x86.ActiveCfg = Debug|Win32
		{EADDBAD5-1714-43E2-B1DB-8BD0691E825B}.Debug|x86.Build.0 = Debug|Win32
		{EADDBAD5-1714-43E2-B1DB-8BD0691E825B}.Release|x64.ActiveCfg = Release|x64
		{EADDBAD5-1714-43E2-B1DB-8BD0691E825B}.Release|x64.Build.0 = Release|x64
		{EADDBAD5-1714-43E2-B1DB-8BD0691E825B}.Release|x86.ActiveCfg = Release|Win32
		{EADDBAD5-1714-43E2-B1DB-8BD0691E825B}.Release|x86.Build.0 = Release|Win32
		{F5954758-99E3-4686-959E-701602D40667}.Debug|x64.ActiveCfg = Debug|x64
		{F5954758-99E3-4686-959E-701602D40667}.Debug|x64.Build.0 = Debug|x64
		{F5954758-99E3-4686-959E-701602D40667}.Debug|x86.ActiveCfg = Debug|Win32
		{F5954758-99E3-4686-959E-701602D40667}.Debug|x86.Build.0 = Debug|Win32
		{F5954758-99E3-4686-959E-701602D40667}.Release|x64.ActiveCfg = Release|x64
		{F5954758-99E3-4686-959E-701602D40667}.Release|x64.Build.0 = Release|x64
		{F5954758-99E3-4686-959E-701602D40667}.Release|x86.ActiveCfg = Release|Win32
		{F5954758-99E3-4686-959E-701602D40667}.Release|x86.Build.0 = Release|Win32
		{8DC46B4E-78BD-465C-BC56-561D8C25A971}.Debug|x64.ActiveCfg = Debug|x64
		{8DC46B4E-78BD-465C-BC56-561D8C25A971}.Debug|x64.Build.0 = Debug|x64
		{8DC46B4E-78BD-465C-BC56-561D8C25A971}.Debug|x86.ActiveCfg = Debug|Win32
		{8DC46B4E-78BD-465C-BC56-561D8C25A971}.Debug|x86.Build.0 = Debug|Win32
		{8DC46B4E-78BD-465C-BC56-561D8C25A971}.Release|x64.ActiveCfg = Release|x64
		{8DC46B4E-78BD-465C-BC56-561D8C25A971}.Release|x64.Build.0 = Release|x64
		{8DC46B4E-78BD-465C-BC56-561D8C25A971}.Release|x86.ActiveCfg = Release|Win32
		{8DC46B4E-78BD-465C-BC56-561D8C25A971}.Release|x86.Build.0 = Release|Win32
		{B730117E-49A1-47FF-9218-F3C8087291D9}.Debug|x64.ActiveCfg = Debug|x64
		{B730117E-49A1-47FF-9218-F3C8087291D9}.Debug|x64.Build.0 = Debug|x64
		{B730117E-49A1-47FF-9218-F3C8087291D9}.Debug|x86.ActiveCfg = Debug|Win32
		{B730117E-49A1-47FF-9218-F3C8087291D9}.Debug|x86.Build.0 = Debug|Win32
		{B730117E-49A1-47FF-9218-F3C8087291D9}.Release|x64.ActiveCfg = Release|x64
		{B730117E-49A1-47FF-9218-F3C8087291D9}.Release|x64.Build.0 = Release|x64
		{B730117E-49A1-47FF-9218-F3C8087291D9}.Release|x86.ActiveCfg = Release|Win32
		{B730117E-49A1-47FF-9218-F3C8087291D9}.Release|x86.Build.0 = Release|Win32
		{3B15AAAA-9F33-4299-9548-B8FE15AFEF96}.Debug|x64.ActiveCfg = Debug|x64
		{3B15AAAA-9F33-4299-9548-B8FE15AFEF96}.Debug|x64.Build.0 = Debug|x64
		{3B15AAAA-9F33-4299-9548-B8FE15AFEF96}.Debug|x86.ActiveCfg = Debug|Win32
		{3B15AAAA-9F33-4299-9548-B8FE15AFEF96}.Debug|x86.Build.0 = Debug|Win32
		{3B15AAAA-9F33-4299-9548-B8FE15AFEF96}.Release|x64.ActiveCfg = Release|x64
		{3B15AAAA-9F33-4299-9548-B8FE15AFEF96}.Release|x64.Build.0 = Release|x64
		{3B15AAAA-9F33-4299-9548-B8FE15AFEF96}.Release|x86.ActiveCfg = Release|Win32
		{3B15AAAA-9F33-4299-9548-B8FE15AFEF96}.Release|x86.Build.0 = Release|Win32
		{C59BCE49-B66A-4468-8FA1-35DE87E7DC65}.Debug|x64.ActiveCfg = Debug|x64
		{C59BCE49-B66A-4468-8FA1-35DE87E7DC65}.Debug|x64.Build.0 = Debug|x64
		{C59BCE49-B66A-4468-8FA1-35DE87E7DC65}.Debug|x86.ActiveCfg = Debug|Win32
		{C59BCE49-B66A-4468-8FA1-35DE87E7DC65}.Debug|x86.Build.0 = Debug|Win32
		{C59BCE49-B66A-4468-8FA1-35DE87E7DC65}.Release|x64.ActiveCfg = Release|x64
		{C59BCE49-B66A-4468-8FA1-35DE87E7DC65}.Release|x64.Build.0 = Release|x64
		{C59BCE49-B66A-4468-8FA1-35DE87E7DC65}.Release|x86.ActiveCfg = Release|Win32
		{C59BCE49-B66A-4468-8FA1-35DE87E7DC65}.Release|x86.Build.0 = Release|Win32
		{B493D76A-7F86-4EB0-970E-1CF7A5671C48}.Debug|x64.ActiveCfg = Debug|x64
		{B493D76A-7F86-4EB0-970E-1CF7A5671C48}.Debug|x64.Build.0 = Debug|x64
		{B493D76A-7F86-4EB0-970E-1CF7A5671C48}.Debug|x86.ActiveCfg = Debug|Win32
		{B493D76A-7F86-4EB0-970E-1CF7A5671C48}.Debug|x86.Build.0 = Debug|Win32
		{B493D76A-7F86-4EB0-970E-1CF7A5671C48}.Release|x64.ActiveCfg = Release|x64
		{B493D76A-7F86-4EB0-970E-1CF7A5671C48}.Release|x64.Build.0 = Release|x64
		{B493D76A-7F86-4EB0-970E-1CF7A5671C48}.Release|x86.ActiveCfg = Release|Win32
		{B493D76A-7F86-4EB0-970E-1CF7A5671C48}.Release|x86.Build.0 = Release|Win32
		{E016D7BA-18E2-4C78-B271-668696F30849}.Debug|x64.ActiveCfg = Debug|x64
		{E016D7BA-18E2-4C78-B271-668696F30849}.Debug|x64.Build.0 = Debug|x64
		{E016D7BA-18E2-4C78-B271-668696F30849}.Debug|x86.ActiveCfg = Debug|Win32
		{E016D7BA-18E2-4C78-B271-668696F30849}.Debug|x86.Build.0 = Debug|Win32
		{E016D7BA-18E2-4C78-B271-668696F30849}.Release|x64.ActiveCfg = Release|x64
		{E016D7BA-18E2-4C78-B271-668696F30849}.Release|x64.Build.0 = Release|x64
		{E016D7BA-18E2-4C78-B271-668696F30849}.Release|x86.ActiveCfg = Release|Win32
		{E016D7BA-18E2-4C78-B271-668696F30849}.Release|x86.Build.0 = Release|Win32
		{14860067-B21D-4B54-9CC8-43D1C68EA433}.Debug|x64.ActiveCfg = Debug|x64
		{14860067-B21D-4B54-9CC8-43D1C68EA433}.Debug|x64.Build.0 = Debug|x64
		{14860067-B21D-4B54-9CC8-43D1C68EA433}.Debug|x86.ActiveCfg = Debug|Win32
		{14860067-B21D-4B54-9CC8-43D1C68EA433}.Debug|x86.Build.0 = Debug|Win32
		{14860067-B21D-4B54-9CC8-43D1C68EA433}.Release|x64.ActiveCfg = Release|x64
		{14860067-B21D-4B54-9CC8-43D1C68EA433}.Release|x64.Build.0 = Release|x64
		{14860067-B21D-4B54-9CC8-43D1C68EA433}.Release|x86.ActiveCfg = Release|Win32
		{14860067-B21D-4B54-9CC8-43D1C68EA433}.Release|x86.Build.0 = Release|Win32
		{89F95331-D39C-4F99-91A5-256283025F46}.Debug|x64.ActiveCfg = Debug|x64
		{89F95331-D39C-4F99-91A5-256283025F46}.Debug|x64.Build.0 = Debug|x64
		{89F95331-D39C-4F99-91A5-256283025F46}.Debug|x86.ActiveCfg = Debug|Win32
		{89F95331-D39C-4F99-91A5-256283025F46}.Debug|x86.Build.0 = Debug|Win32
		{89F95331-D39C-4F99-91A5-256283025F46}.Release|x64.ActiveCfg = Release|x64
		{89F95331-D39C-4F99-91A5-256283025F46}.Release|x64.Build.0 = Release|x64
		{89F95331-D39C-4F99-91A5-256283025F46}.Release|x86.ActiveCfg = Release|Win32
		{89F95331-D39C-4F99-91A5-256283025F46}.Release|x86.Build.0 = Release|Win32
		{868ED8C1-A60D-495A-BB92-3088E6BF8F97}.Debug|x64.ActiveCfg = Debug|x64
		{868ED8C1-A60D-495A-BB92-3088E6BF8F97}.Debug|x64.Build.0 = Debug|x64
		{868ED8C1-A60D-495A-BB92-3088E6BF8F97}.Debug|x86.ActiveCfg = Debug|Win32
		{868ED8C1-A60D-495A-BB92-3088E6BF8F97}.Debug|x86.Build.0 = Debug|Win32
		{868ED8C1-A60D-495A-BB92-3088E6BF8F97}.Release|x64.ActiveCfg = Release|x64
		{868ED8C1-A60D-495A-BB92-3088E6BF8F97}.Release|x64.Build.0 = Release|x64
		{868ED8C1-A60D-495A-BB92-3088E6BF8F97}.Release|x86.ActiveCfg = Release|Win32
		{868ED8C1-A60D-495A-BB92-3088E6BF8F97}.Release|x86.Build.0 = Release|Win32
		{7FADA608-5522-405E-B5CE-367AFE2A7506}.Debug|x64.ActiveCfg = Debug|x64
		{7FADA608-5522-405E-B5CE-367AFE2A7506}.Debug|x64.Build.0 = Debug|x64
		{7FADA608-5522-405E-B5CE-367AFE2A7506}.Debug|x86.ActiveCfg = Debug|Win32
		{7FADA608-5522-405E-B5CE-367AFE2A7506}.Debug|x86.Build.0 = Debug|Win32
		{7FADA608-5522-405E-B5CE-367AFE2A7506}.Release|x64.ActiveCfg = Release|x64
		{7FADA608-5522-405E-B5CE-367AFE2A7506}.Release|x64.Build.0 = Release|x64
		{7FADA608-5522-405E-B5CE-367AFE2A7506}.Release|x86.ActiveCfg = Release|Win32
		{7FADA608-5522-405E-B5CE-367AFE2A7506}.Release|x86.Build.0 = Release|Win32
		{839ABDC1-8015-4110-A46D-082299CF2320}.Debug|x64.ActiveCfg = Debug|x64
		{839ABDC1-8015-4110-A46D-082299CF2320}.Debug|x64.Build.0 = Debug|x64
		{839ABDC1-8015-4110-A46D-082299CF2320}.Debug|x86.ActiveCfg = Debug|Win32
		{839ABDC1-8015-4110-A46D-082299CF2320}.Debug|x86.Build.0 = Debug|Win32
		{839ABDC1-8015-4110-A46D-082299CF2320}.Release|x64.ActiveCfg = Release|x64
		{839ABDC1-8015-4110-A46D-082299CF2320}.Release|x64.Build.0 = Release|x64
		{839ABDC1-8015-4110-A46D-082299CF2320}.Release|x86.ActiveCfg = Release|Win32
		{839ABDC1-8015-4110-A46D-082299CF2320}.Release|x86.Build.0 = Release|Win32
		{9AD59740-F78A-4C4D-9FFE-54C8F5EAE3D7}.Debug|x64.ActiveCfg = Debug|x64
		{9AD59740-F78A-4C4D-9FFE-54C8F5EAE3D7}.Debug|x64.Build.0 = Debug|x64
		{9AD59740-F78A-4C4D-9FFE-54C8F5EAE3D7}.Debug|x86.ActiveCfg = Debug|Win32
		{9AD59740-F78A-4C4D-9FFE-54C8F5EAE3D7}.Debug|x86.Build.0 = Debug|Win32
		{9AD59740-F78A-4C4D-9FFE-54C8F5EAE3D7}.Release|x64.ActiveCfg = Release|x64
		{9AD59740-F78A-4C4D-9FFE-54C8F5EAE3D7}.Release|x64.Build.0 = Release|x64
		{9AD59740-F78A-4C4D-9FFE-54C8F5EAE3D7}.Release|x86.ActiveCfg = Release|Win32
		{9AD59740-F78A-4C4D-9FFE-54C8F5EAE3D7}.Release|x86.Build.0 = Release|Win32
	EndGlobalSection
	GlobalSection(SolutionProperties) = preSolution
		HideSolutionNode = FALSE
	EndGlobalSection
	GlobalSection(ExtensibilityGlobals) = postSolution
		SolutionGuid = {F701EBE7-654B-4BFD-AE6E-E55ED865386A}
	EndGlobalSection
EndGlobal
